
Microsoft Visual Studio Solution File, Format Version 12.00
# Visual Studio 15
VisualStudioVersion = 15.0.28307.779
MinimumVisualStudioVersion = 10.0.40219.1
Project("{FAE04EC0-301F-11D3-BF4B-00C04F79EFBC}") = "WordSearch", "WordSearch\WordSearch.csproj", "{EFE0E247-AC9F-4A5C-9D03-4BFDB22C0AE0}"
EndProject
Global
	GlobalSection(SolutionConfigurationPlatforms) = preSolution
		Debug|Any CPU = Debug|Any CPU
		Release|Any CPU = Release|Any CPU
	EndGlobalSection
	GlobalSection(ProjectConfigurationPlatforms) = postSolution
		{EFE0E247-AC9F-4A5C-9D03-4BFDB22C0AE0}.Debug|Any CPU.ActiveCfg = Debug|Any CPU
		{EFE0E247-AC9F-4A5C-9D03-4BFDB22C0AE0}.Debug|Any CPU.Build.0 = Debug|Any CPU
		{EFE0E247-AC9F-4A5C-9D03-4BFDB22C0AE0}.Release|Any CPU.ActiveCfg = Release|Any CPU
		{EFE0E247-AC9F-4A5C-9D03-4BFDB22C0AE0}.Release|Any CPU.Build.0 = Release|Any CPU
	EndGlobalSection
	GlobalSection(SolutionProperties) = preSolution
		HideSolutionNode = FALSE
	EndGlobalSection
	GlobalSection(ExtensibilityGlobals) = postSolution
		SolutionGuid = {8A4C867F-0089-41D3-B746-CB7F3C177D38}
	EndGlobalSection
EndGlobal
